
Microsoft Visual Studio Solution File, Format Version 12.00
# Visual Studio Version 16
VisualStudioVersion = 16.0.33328.57
MinimumVisualStudioVersion = 10.0.40219.1
Project("{FAE04EC0-301F-11D3-BF4B-00C04F79EFBC}") = "Dia da Semana", "Dia da Semana.csproj", "{DB39B18A-B30D-41A0-85ED-6771272C367E}"
EndProject
Global
	GlobalSection(SolutionConfigurationPlatforms) = preSolution
		Debug|Any CPU = Debug|Any CPU
		Release|Any CPU = Release|Any CPU
	EndGlobalSection
	GlobalSection(ProjectConfigurationPlatforms) = postSolution
		{DB39B18A-B30D-41A0-85ED-6771272C367E}.Debug|Any CPU.ActiveCfg = Debug|Any CPU
		{DB39B18A-B30D-41A0-85ED-6771272C367E}.Debug|Any CPU.Build.0 = Debug|Any CPU
		{DB39B18A-B30D-41A0-85ED-6771272C367E}.Release|Any CPU.ActiveCfg = Release|Any CPU
		{DB39B18A-B30D-41A0-85ED-6771272C367E}.Release|Any CPU.Build.0 = Release|Any CPU
	EndGlobalSection
	GlobalSection(SolutionProperties) = preSolution
		HideSolutionNode = FALSE
	EndGlobalSection
	GlobalSection(ExtensibilityGlobals) = postSolution
		SolutionGuid = {00A72E93-BD50-4692-88C9-75978B89B836}
	EndGlobalSection
EndGlobal
