
Microsoft Visual Studio Solution File, Format Version 12.00
# Visual Studio Version 16
VisualStudioVersion = 16.0.33328.57
MinimumVisualStudioVersion = 10.0.40219.1
Project("{FAE04EC0-301F-11D3-BF4B-00C04F79EFBC}") = "Calculadora", "Calculadora.csproj", "{2FC0BF85-CBD3-4E2B-9CEE-0D7D709C9352}"
EndProject
Global
	GlobalSection(SolutionConfigurationPlatforms) = preSolution
		Debug|Any CPU = Debug|Any CPU
		Release|Any CPU = Release|Any CPU
	EndGlobalSection
	GlobalSection(ProjectConfigurationPlatforms) = postSolution
		{2FC0BF85-CBD3-4E2B-9CEE-0D7D709C9352}.Debug|Any CPU.ActiveCfg = Debug|Any CPU
		{2FC0BF85-CBD3-4E2B-9CEE-0D7D709C9352}.Debug|Any CPU.Build.0 = Debug|Any CPU
		{2FC0BF85-CBD3-4E2B-9CEE-0D7D709C9352}.Release|Any CPU.ActiveCfg = Release|Any CPU
		{2FC0BF85-CBD3-4E2B-9CEE-0D7D709C9352}.Release|Any CPU.Build.0 = Release|Any CPU
	EndGlobalSection
	GlobalSection(SolutionProperties) = preSolution
		HideSolutionNode = FALSE
	EndGlobalSection
	GlobalSection(ExtensibilityGlobals) = postSolution
		SolutionGuid = {2111EB95-A093-4337-AC94-6E374CFC5F30}
	EndGlobalSection
EndGlobal
