
Microsoft Visual Studio Solution File, Format Version 12.00
# Visual Studio Version 16
VisualStudioVersion = 16.0.33328.57
MinimumVisualStudioVersion = 10.0.40219.1
Project("{FAE04EC0-301F-11D3-BF4B-00C04F79EFBC}") = "Laços de repetição - Do While", "Laços de repetição - Do While.csproj", "{0B730C1D-86C3-4562-90A0-65559AC4D37A}"
EndProject
Global
	GlobalSection(SolutionConfigurationPlatforms) = preSolution
		Debug|Any CPU = Debug|Any CPU
		Release|Any CPU = Release|Any CPU
	EndGlobalSection
	GlobalSection(ProjectConfigurationPlatforms) = postSolution
		{0B730C1D-86C3-4562-90A0-65559AC4D37A}.Debug|Any CPU.ActiveCfg = Debug|Any CPU
		{0B730C1D-86C3-4562-90A0-65559AC4D37A}.Debug|Any CPU.Build.0 = Debug|Any CPU
		{0B730C1D-86C3-4562-90A0-65559AC4D37A}.Release|Any CPU.ActiveCfg = Release|Any CPU
		{0B730C1D-86C3-4562-90A0-65559AC4D37A}.Release|Any CPU.Build.0 = Release|Any CPU
	EndGlobalSection
	GlobalSection(SolutionProperties) = preSolution
		HideSolutionNode = FALSE
	EndGlobalSection
	GlobalSection(ExtensibilityGlobals) = postSolution
		SolutionGuid = {A8B9ABE6-829E-4EEC-B02A-88490D8B8CAB}
	EndGlobalSection
EndGlobal
