
Microsoft Visual Studio Solution File, Format Version 12.00
# Visual Studio Version 16
VisualStudioVersion = 16.0.33328.57
MinimumVisualStudioVersion = 10.0.40219.1
Project("{FAE04EC0-301F-11D3-BF4B-00C04F79EFBC}") = "Laço de repetição - For", "Laço de repetição - For.csproj", "{697D70BB-1B2B-4663-9A24-6993B3C74C4A}"
EndProject
Global
	GlobalSection(SolutionConfigurationPlatforms) = preSolution
		Debug|Any CPU = Debug|Any CPU
		Release|Any CPU = Release|Any CPU
	EndGlobalSection
	GlobalSection(ProjectConfigurationPlatforms) = postSolution
		{697D70BB-1B2B-4663-9A24-6993B3C74C4A}.Debug|Any CPU.ActiveCfg = Debug|Any CPU
		{697D70BB-1B2B-4663-9A24-6993B3C74C4A}.Debug|Any CPU.Build.0 = Debug|Any CPU
		{697D70BB-1B2B-4663-9A24-6993B3C74C4A}.Release|Any CPU.ActiveCfg = Release|Any CPU
		{697D70BB-1B2B-4663-9A24-6993B3C74C4A}.Release|Any CPU.Build.0 = Release|Any CPU
	EndGlobalSection
	GlobalSection(SolutionProperties) = preSolution
		HideSolutionNode = FALSE
	EndGlobalSection
	GlobalSection(ExtensibilityGlobals) = postSolution
		SolutionGuid = {E2CC9E1A-39E1-41C1-8A12-60CA8B0971B7}
	EndGlobalSection
EndGlobal
